// !$*UTF8*$!
{
	archiveVersion = 1;
	classes = {
	};
	objectVersion = 56;
	objects = {

/* Begin PBXBuildFile section */
		A959E31D29FFFF8D009E2B1F /* BucketListApp.swift in Sources */ = {isa = PBXBuildFile; fileRef = A959E31C29FFFF8D009E2B1F /* BucketListApp.swift */; };
		A959E31F29FFFF8D009E2B1F /* ContentView.swift in Sources */ = {isa = PBXBuildFile; fileRef = A959E31E29FFFF8D009E2B1F /* ContentView.swift */; };
		A959E32129FFFF8F009E2B1F /* Assets.xcassets in Resources */ = {isa = PBXBuildFile; fileRef = A959E32029FFFF8F009E2B1F /* Assets.xcassets */; };
		A959E32429FFFF8F009E2B1F /* Preview Assets.xcassets in Resources */ = {isa = PBXBuildFile; fileRef = A959E32329FFFF8F009E2B1F /* Preview Assets.xcassets */; };
		A9861E802A0699230037B900 /* ContentView-ViewModel.swift in Sources */ = {isa = PBXBuildFile; fileRef = A9861E7F2A0699230037B900 /* ContentView-ViewModel.swift */; };
		A9861E822A06A8910037B900 /* FileManager-DocumentsDirectory.swift in Sources */ = {isa = PBXBuildFile; fileRef = A9861E812A06A8910037B900 /* FileManager-DocumentsDirectory.swift */; };
		A9861EA22A06C9070037B900 /* EditView-ViewModel.swift in Sources */ = {isa = PBXBuildFile; fileRef = A9861EA12A06C9070037B900 /* EditView-ViewModel.swift */; };
		A9B7B8952A013E5C00D6A057 /* Location.swift in Sources */ = {isa = PBXBuildFile; fileRef = A9B7B8942A013E5C00D6A057 /* Location.swift */; };
		A9B7B8972A01473900D6A057 /* EditView.swift in Sources */ = {isa = PBXBuildFile; fileRef = A9B7B8962A01473900D6A057 /* EditView.swift */; };
		A9DA4CFD2A0579A400FD57EA /* Result.swift in Sources */ = {isa = PBXBuildFile; fileRef = A9DA4CFC2A0579A400FD57EA /* Result.swift */; };
/* End PBXBuildFile section */

/* Begin PBXFileReference section */
		A959E31929FFFF8D009E2B1F /* BucketList.app */ = {isa = PBXFileReference; explicitFileType = wrapper.application; includeInIndex = 0; path = BucketList.app; sourceTree = BUILT_PRODUCTS_DIR; };
		A959E31C29FFFF8D009E2B1F /* BucketListApp.swift */ = {isa = PBXFileReference; lastKnownFileType = sourcecode.swift; path = BucketListApp.swift; sourceTree = "<group>"; };
		A959E31E29FFFF8D009E2B1F /* ContentView.swift */ = {isa = PBXFileReference; lastKnownFileType = sourcecode.swift; path = ContentView.swift; sourceTree = "<group>"; };
		A959E32029FFFF8F009E2B1F /* Assets.xcassets */ = {isa = PBXFileReference; lastKnownFileType = folder.assetcatalog; path = Assets.xcassets; sourceTree = "<group>"; };
		A959E32329FFFF8F009E2B1F /* Preview Assets.xcassets */ = {isa = PBXFileReference; lastKnownFileType = folder.assetcatalog; path = "Preview Assets.xcassets"; sourceTree = "<group>"; };
		A9861E7F2A0699230037B900 /* ContentView-ViewModel.swift */ = {isa = PBXFileReference; lastKnownFileType = sourcecode.swift; path = "ContentView-ViewModel.swift"; sourceTree = "<group>"; };
		A9861E812A06A8910037B900 /* FileManager-DocumentsDirectory.swift */ = {isa = PBXFileReference; lastKnownFileType = sourcecode.swift; path = "FileManager-DocumentsDirectory.swift"; sourceTree = "<group>"; };
		A9861EA12A06C9070037B900 /* EditView-ViewModel.swift */ = {isa = PBXFileReference; lastKnownFileType = sourcecode.swift; path = "EditView-ViewModel.swift"; sourceTree = "<group>"; };
		A9B7B8942A013E5C00D6A057 /* Location.swift */ = {isa = PBXFileReference; lastKnownFileType = sourcecode.swift; path = Location.swift; sourceTree = "<group>"; };
		A9B7B8962A01473900D6A057 /* EditView.swift */ = {isa = PBXFileReference; lastKnownFileType = sourcecode.swift; path = EditView.swift; sourceTree = "<group>"; };
		A9DA4CFC2A0579A400FD57EA /* Result.swift */ = {isa = PBXFileReference; lastKnownFileType = sourcecode.swift; path = Result.swift; sourceTree = "<group>"; };
/* End PBXFileReference section */

/* Begin PBXFrameworksBuildPhase section */
		A959E31629FFFF8D009E2B1F /* Frameworks */ = {
			isa = PBXFrameworksBuildPhase;
			buildActionMask = 2147483647;
			files = (
			);
			runOnlyForDeploymentPostprocessing = 0;
		};
/* End PBXFrameworksBuildPhase section */

/* Begin PBXGroup section */
		A959E31029FFFF8D009E2B1F = {
			isa = PBXGroup;
			children = (
				A959E31B29FFFF8D009E2B1F /* BucketList */,
				A959E31A29FFFF8D009E2B1F /* Products */,
			);
			sourceTree = "<group>";
		};
		A959E31A29FFFF8D009E2B1F /* Products */ = {
			isa = PBXGroup;
			children = (
				A959E31929FFFF8D009E2B1F /* BucketList.app */,
			);
			name = Products;
			sourceTree = "<group>";
		};
		A959E31B29FFFF8D009E2B1F /* BucketList */ = {
			isa = PBXGroup;
			children = (
				A959E31C29FFFF8D009E2B1F /* BucketListApp.swift */,
				A959E31E29FFFF8D009E2B1F /* ContentView.swift */,
				A9861E7F2A0699230037B900 /* ContentView-ViewModel.swift */,
				A9B7B8962A01473900D6A057 /* EditView.swift */,
				A9861EA12A06C9070037B900 /* EditView-ViewModel.swift */,
				A9861E812A06A8910037B900 /* FileManager-DocumentsDirectory.swift */,
				A9DA4CFC2A0579A400FD57EA /* Result.swift */,
				A9B7B8942A013E5C00D6A057 /* Location.swift */,
				A959E32029FFFF8F009E2B1F /* Assets.xcassets */,
				A959E32229FFFF8F009E2B1F /* Preview Content */,
			);
			path = BucketList;
			sourceTree = "<group>";
		};
		A959E32229FFFF8F009E2B1F /* Preview Content */ = {
			isa = PBXGroup;
			children = (
				A959E32329FFFF8F009E2B1F /* Preview Assets.xcassets */,
			);
			path = "Preview Content";
			sourceTree = "<group>";
		};
/* End PBXGroup section */

/* Begin PBXNativeTarget section */
		A959E31829FFFF8D009E2B1F /* BucketList */ = {
			isa = PBXNativeTarget;
			buildConfigurationList = A959E32729FFFF8F009E2B1F /* Build configuration list for PBXNativeTarget "BucketList" */;
			buildPhases = (
				A959E31529FFFF8D009E2B1F /* Sources */,
				A959E31629FFFF8D009E2B1F /* Frameworks */,
				A959E31729FFFF8D009E2B1F /* Resources */,
			);
			buildRules = (
			);
			dependencies = (
			);
			name = BucketList;
			productName = BucketList;
			productReference = A959E31929FFFF8D009E2B1F /* BucketList.app */;
			productType = "com.apple.product-type.application";
		};
/* End PBXNativeTarget section */

/* Begin PBXProject section */
		A959E31129FFFF8D009E2B1F /* Project object */ = {
			isa = PBXProject;
			attributes = {
				BuildIndependentTargetsInParallel = 1;
				LastSwiftUpdateCheck = 1420;
				LastUpgradeCheck = 1420;
				TargetAttributes = {
					A959E31829FFFF8D009E2B1F = {
						CreatedOnToolsVersion = 14.2;
					};
				};
			};
			buildConfigurationList = A959E31429FFFF8D009E2B1F /* Build configuration list for PBXProject "BucketList" */;
			compatibilityVersion = "Xcode 14.0";
			developmentRegion = en;
			hasScannedForEncodings = 0;
			knownRegions = (
				en,
				Base,
			);
			mainGroup = A959E31029FFFF8D009E2B1F;
			productRefGroup = A959E31A29FFFF8D009E2B1F /* Products */;
			projectDirPath = "";
			projectRoot = "";
			targets = (
				A959E31829FFFF8D009E2B1F /* BucketList */,
			);
		};
/* End PBXProject section */

/* Begin PBXResourcesBuildPhase section */
		A959E31729FFFF8D009E2B1F /* Resources */ = {
			isa = PBXResourcesBuildPhase;
			buildActionMask = 2147483647;
			files = (
				A959E32429FFFF8F009E2B1F /* Preview Assets.xcassets in Resources */,
				A959E32129FFFF8F009E2B1F /* Assets.xcassets in Resources */,
			);
			runOnlyForDeploymentPostprocessing = 0;
		};
/* End PBXResourcesBuildPhase section */

/* Begin PBXSourcesBuildPhase section */
		A959E31529FFFF8D009E2B1F /* Sources */ = {
			isa = PBXSourcesBuildPhase;
			buildActionMask = 2147483647;
			files = (
				A959E31F29FFFF8D009E2B1F /* ContentView.swift in Sources */,
				A9861E822A06A8910037B900 /* FileManager-DocumentsDirectory.swift in Sources */,
				A9861E802A0699230037B900 /* ContentView-ViewModel.swift in Sources */,
				A9DA4CFD2A0579A400FD57EA /* Result.swift in Sources */,
				A9B7B8952A013E5C00D6A057 /* Location.swift in Sources */,
				A9861EA22A06C9070037B900 /* EditView-ViewModel.swift in Sources */,
				A9B7B8972A01473900D6A057 /* EditView.swift in Sources */,
				A959E31D29FFFF8D009E2B1F /* BucketListApp.swift in Sources */,
			);
			runOnlyForDeploymentPostprocessing = 0;
		};
/* End PBXSourcesBuildPhase section */

/* Begin XCBuildConfiguration section */
		A959E32529FFFF8F009E2B1F /* Debug */ = {
			isa = XCBuildConfiguration;
			buildSettings = {
				ALWAYS_SEARCH_USER_PATHS = NO;
				CLANG_ANALYZER_NONNULL = YES;
				CLANG_ANALYZER_NUMBER_OBJECT_CONVERSION = YES_AGGRESSIVE;
				CLANG_CXX_LANGUAGE_STANDARD = "gnu++20";
				CLANG_ENABLE_MODULES = YES;
				CLANG_ENABLE_OBJC_ARC = YES;
				CLANG_ENABLE_OBJC_WEAK = YES;
				CLANG_WARN_BLOCK_CAPTURE_AUTORELEASING = YES;
				CLANG_WARN_BOOL_CONVERSION = YES;
				CLANG_WARN_COMMA = YES;
				CLANG_WARN_CONSTANT_CONVERSION = YES;
				CLANG_WARN_DEPRECATED_OBJC_IMPLEMENTATIONS = YES;
				CLANG_WARN_DIRECT_OBJC_ISA_USAGE = YES_ERROR;
				CLANG_WARN_DOCUMENTATION_COMMENTS = YES;
				CLANG_WARN_EMPTY_BODY = YES;
				CLANG_WARN_ENUM_CONVERSION = YES;
				CLANG_WARN_INFINITE_RECURSION = YES;
				CLANG_WARN_INT_CONVERSION = YES;
				CLANG_WARN_NON_LITERAL_NULL_CONVERSION = YES;
				CLANG_WARN_OBJC_IMPLICIT_RETAIN_SELF = YES;
				CLANG_WARN_OBJC_LITERAL_CONVERSION = YES;
				CLANG_WARN_OBJC_ROOT_CLASS = YES_ERROR;
				CLANG_WARN_QUOTED_INCLUDE_IN_FRAMEWORK_HEADER = YES;
				CLANG_WARN_RANGE_LOOP_ANALYSIS = YES;
				CLANG_WARN_STRICT_PROTOTYPES = YES;
				CLANG_WARN_SUSPICIOUS_MOVE = YES;
				CLANG_WARN_UNGUARDED_AVAILABILITY = YES_AGGRESSIVE;
				CLANG_WARN_UNREACHABLE_CODE = YES;
				CLANG_WARN__DUPLICATE_METHOD_MATCH = YES;
				COPY_PHASE_STRIP = NO;
				DEBUG_INFORMATION_FORMAT = dwarf;
				ENABLE_STRICT_OBJC_MSGSEND = YES;
				ENABLE_TESTABILITY = YES;
				GCC_C_LANGUAGE_STANDARD = gnu11;
				GCC_DYNAMIC_NO_PIC = NO;
				GCC_NO_COMMON_BLOCKS = YES;
				GCC_OPTIMIZATION_LEVEL = 0;
				GCC_PREPROCESSOR_DEFINITIONS = (
					"DEBUG=1",
					"$(inherited)",
				);
				GCC_WARN_64_TO_32_BIT_CONVERSION = YES;
				GCC_WARN_ABOUT_RETURN_TYPE = YES_ERROR;
				GCC_WARN_UNDECLARED_SELECTOR = YES;
				GCC_WARN_UNINITIALIZED_AUTOS = YES_AGGRESSIVE;
				GCC_WARN_UNUSED_FUNCTION = YES;
				GCC_WARN_UNUSED_VARIABLE = YES;
				IPHONEOS_DEPLOYMENT_TARGET = 16.2;
				MTL_ENABLE_DEBUG_INFO = INCLUDE_SOURCE;
				MTL_FAST_MATH = YES;
				ONLY_ACTIVE_ARCH = YES;
				SDKROOT = iphoneos;
				SWIFT_ACTIVE_COMPILATION_CONDITIONS = DEBUG;
				SWIFT_OPTIMIZATION_LEVEL = "-Onone";
			};
			name = Debug;
		};
		A959E32629FFFF8F009E2B1F /* Release */ = {
			isa = XCBuildConfiguration;
			buildSettings = {
				ALWAYS_SEARCH_USER_PATHS = NO;
				CLANG_ANALYZER_NONNULL = YES;
				CLANG_ANALYZER_NUMBER_OBJECT_CONVERSION = YES_AGGRESSIVE;
				CLANG_CXX_LANGUAGE_STANDARD = "gnu++20";
				CLANG_ENABLE_MODULES = YES;
				CLANG_ENABLE_OBJC_ARC = YES;
				CLANG_ENABLE_OBJC_WEAK = YES;
				CLANG_WARN_BLOCK_CAPTURE_AUTORELEASING = YES;
				CLANG_WARN_BOOL_CONVERSION = YES;
				CLANG_WARN_COMMA = YES;
				CLANG_WARN_CONSTANT_CONVERSION = YES;
				CLANG_WARN_DEPRECATED_OBJC_IMPLEMENTATIONS = YES;
				CLANG_WARN_DIRECT_OBJC_ISA_USAGE = YES_ERROR;
				CLANG_WARN_DOCUMENTATION_COMMENTS = YES;
				CLANG_WARN_EMPTY_BODY = YES;
				CLANG_WARN_ENUM_CONVERSION = YES;
				CLANG_WARN_INFINITE_RECURSION = YES;
				CLANG_WARN_INT_CONVERSION = YES;
				CLANG_WARN_NON_LITERAL_NULL_CONVERSION = YES;
				CLANG_WARN_OBJC_IMPLICIT_RETAIN_SELF = YES;
				CLANG_WARN_OBJC_LITERAL_CONVERSION = YES;
				CLANG_WARN_OBJC_ROOT_CLASS = YES_ERROR;
				CLANG_WARN_QUOTED_INCLUDE_IN_FRAMEWORK_HEADER = YES;
				CLANG_WARN_RANGE_LOOP_ANALYSIS = YES;
				CLANG_WARN_STRICT_PROTOTYPES = YES;
				CLANG_WARN_SUSPICIOUS_MOVE = YES;
				CLANG_WARN_UNGUARDED_AVAILABILITY = YES_AGGRESSIVE;
				CLANG_WARN_UNREACHABLE_CODE = YES;
				CLANG_WARN__DUPLICATE_METHOD_MATCH = YES;
				COPY_PHASE_STRIP = NO;
				DEBUG_INFORMATION_FORMAT = "dwarf-with-dsym";
				ENABLE_NS_ASSERTIONS = NO;
				ENABLE_STRICT_OBJC_MSGSEND = YES;
				GCC_C_LANGUAGE_STANDARD = gnu11;
				GCC_NO_COMMON_BLOCKS = YES;
				GCC_WARN_64_TO_32_BIT_CONVERSION = YES;
				GCC_WARN_ABOUT_RETURN_TYPE = YES_ERROR;
				GCC_WARN_UNDECLARED_SELECTOR = YES;
				GCC_WARN_UNINITIALIZED_AUTOS = YES_AGGRESSIVE;
				GCC_WARN_UNUSED_FUNCTION = YES;
				GCC_WARN_UNUSED_VARIABLE = YES;
				IPHONEOS_DEPLOYMENT_TARGET = 16.2;
				MTL_ENABLE_DEBUG_INFO = NO;
				MTL_FAST_MATH = YES;
				SDKROOT = iphoneos;
				SWIFT_COMPILATION_MODE = wholemodule;
				SWIFT_OPTIMIZATION_LEVEL = "-O";
				VALIDATE_PRODUCT = YES;
			};
			name = Release;
		};
		A959E32829FFFF8F009E2B1F /* Debug */ = {
			isa = XCBuildConfiguration;
			buildSettings = {
				ASSETCATALOG_COMPILER_APPICON_NAME = AppIcon;
				ASSETCATALOG_COMPILER_GLOBAL_ACCENT_COLOR_NAME = AccentColor;
				CODE_SIGN_STYLE = Automatic;
				CURRENT_PROJECT_VERSION = 1;
				DEVELOPMENT_ASSET_PATHS = "\"BucketList/Preview Content\"";
				ENABLE_PREVIEWS = YES;
				GENERATE_INFOPLIST_FILE = YES;
				INFOPLIST_KEY_NSFaceIDUsageDescription = "Please authenticate yourself to unlock your places.";
				INFOPLIST_KEY_UIApplicationSceneManifest_Generation = YES;
				INFOPLIST_KEY_UIApplicationSupportsIndirectInputEvents = YES;
				INFOPLIST_KEY_UILaunchScreen_Generation = YES;
				INFOPLIST_KEY_UISupportedInterfaceOrientations_iPad = "UIInterfaceOrientationPortrait UIInterfaceOrientationPortraitUpsideDown UIInterfaceOrientationLandscapeLeft UIInterfaceOrientationLandscapeRight";
				INFOPLIST_KEY_UISupportedInterfaceOrientations_iPhone = "UIInterfaceOrientationPortrait UIInterfaceOrientationLandscapeLeft UIInterfaceOrientationLandscapeRight";
				LD_RUNPATH_SEARCH_PATHS = (
					"$(inherited)",
					"@executable_path/Frameworks",
				);
				MARKETING_VERSION = 1.0;
				PRODUCT_BUNDLE_IDENTIFIER = test.BucketList;
				PRODUCT_NAME = "$(TARGET_NAME)";
				SWIFT_EMIT_LOC_STRINGS = YES;
				SWIFT_VERSION = 5.0;
				TARGETED_DEVICE_FAMILY = "1,2";
			};
			name = Debug;
		};
		A959E32929FFFF8F009E2B1F /* Release */ = {
			isa = XCBuildConfiguration;
			buildSettings = {
				ASSETCATALOG_COMPILER_APPICON_NAME = AppIcon;
				ASSETCATALOG_COMPILER_GLOBAL_ACCENT_COLOR_NAME = AccentColor;
				CODE_SIGN_STYLE = Automatic;
				CURRENT_PROJECT_VERSION = 1;
				DEVELOPMENT_ASSET_PATHS = "\"BucketList/Preview Content\"";
				ENABLE_PREVIEWS = YES;
				GENERATE_INFOPLIST_FILE = YES;
				INFOPLIST_KEY_NSFaceIDUsageDescription = "Please authenticate yourself to unlock your places.";
				INFOPLIST_KEY_UIApplicationSceneManifest_Generation = YES;
				INFOPLIST_KEY_UIApplicationSupportsIndirectInputEvents = YES;
				INFOPLIST_KEY_UILaunchScreen_Generation = YES;
				INFOPLIST_KEY_UISupportedInterfaceOrientations_iPad = "UIInterfaceOrientationPortrait UIInterfaceOrientationPortraitUpsideDown UIInterfaceOrientationLandscapeLeft UIInterfaceOrientationLandscapeRight";
				INFOPLIST_KEY_UISupportedInterfaceOrientations_iPhone = "UIInterfaceOrientationPortrait UIInterfaceOrientationLandscapeLeft UIInterfaceOrientationLandscapeRight";
				LD_RUNPATH_SEARCH_PATHS = (
					"$(inherited)",
					"@executable_path/Frameworks",
				);
				MARKETING_VERSION = 1.0;
				PRODUCT_BUNDLE_IDENTIFIER = test.BucketList;
				PRODUCT_NAME = "$(TARGET_NAME)";
				SWIFT_EMIT_LOC_STRINGS = YES;
				SWIFT_VERSION = 5.0;
				TARGETED_DEVICE_FAMILY = "1,2";
			};
			name = Release;
		};
/* End XCBuildConfiguration section */

/* Begin XCConfigurationList section */
		A959E31429FFFF8D009E2B1F /* Build configuration list for PBXProject "BucketList" */ = {
			isa = XCConfigurationList;
			buildConfigurations = (
				A959E32529FFFF8F009E2B1F /* Debug */,
				A959E32629FFFF8F009E2B1F /* Release */,
			);
			defaultConfigurationIsVisible = 0;
			defaultConfigurationName = Release;
		};
		A959E32729FFFF8F009E2B1F /* Build configuration list for PBXNativeTarget "BucketList" */ = {
			isa = XCConfigurationList;
			buildConfigurations = (
				A959E32829FFFF8F009E2B1F /* Debug */,
				A959E32929FFFF8F009E2B1F /* Release */,
			);
			defaultConfigurationIsVisible = 0;
			defaultConfigurationName = Release;
		};
/* End XCConfigurationList section */
	};
	rootObject = A959E31129FFFF8D009E2B1F /* Project object */;
}
